
Microsoft Visual Studio Solution File, Format Version 12.00
# Visual Studio Version 17
VisualStudioVersion = 17.8.34511.84
MinimumVisualStudioVersion = 10.0.40219.1
Project("{9A19103F-16F7-4668-BE54-9A1E7A4F7556}") = "MBPortfolio", "MBPortfolio\MBPortfolio.csproj", "{6375F888-D931-4DCF-AED5-EA948DE9C11F}"
EndProject
Global
	GlobalSection(SolutionConfigurationPlatforms) = preSolution
		Debug|Any CPU = Debug|Any CPU
		Release|Any CPU = Release|Any CPU
	EndGlobalSection
	GlobalSection(ProjectConfigurationPlatforms) = postSolution
		{6375F888-D931-4DCF-AED5-EA948DE9C11F}.Debug|Any CPU.ActiveCfg = Debug|Any CPU
		{6375F888-D931-4DCF-AED5-EA948DE9C11F}.Debug|Any CPU.Build.0 = Debug|Any CPU
		{6375F888-D931-4DCF-AED5-EA948DE9C11F}.Release|Any CPU.ActiveCfg = Release|Any CPU
		{6375F888-D931-4DCF-AED5-EA948DE9C11F}.Release|Any CPU.Build.0 = Release|Any CPU
	EndGlobalSection
	GlobalSection(SolutionProperties) = preSolution
		HideSolutionNode = FALSE
	EndGlobalSection
	GlobalSection(ExtensibilityGlobals) = postSolution
		SolutionGuid = {C3D4BF83-4580-4DD1-815E-7BF21F7DFEB9}
	EndGlobalSection
EndGlobal
